
Microsoft Visual Studio Solution File, Format Version 12.00
# Visual Studio 15
Project("{FAE04EC0-301F-11D3-BF4B-00C04F79EFBC}") = "Assembly-CSharp", "Assembly-CSharp.csproj", "{B2CFA68D-212C-7260-BD6C-9C4A703A25B7}"
EndProject
Project("{FAE04EC0-301F-11D3-BF4B-00C04F79EFBC}") = "Assembly-CSharp-firstpass", "Assembly-CSharp-firstpass.csproj", "{B4558322-32AA-2EE7-1571-4AD0CDD29880}"
EndProject
Project("{FAE04EC0-301F-11D3-BF4B-00C04F79EFBC}") = "Assembly-CSharp-Editor", "Assembly-CSharp-Editor.csproj", "{A9F8CEA7-15CC-849D-44AA-3B7A6D1EB89A}"
EndProject
Global
	GlobalSection(SolutionConfigurationPlatforms) = preSolution
		Debug|Any CPU = Debug|Any CPU
		Release|Any CPU = Release|Any CPU
	EndGlobalSection
	GlobalSection(ProjectConfigurationPlatforms) = postSolution
		{B2CFA68D-212C-7260-BD6C-9C4A703A25B7}.Debug|Any CPU.ActiveCfg = Debug|Any CPU
		{B2CFA68D-212C-7260-BD6C-9C4A703A25B7}.Debug|Any CPU.Build.0 = Debug|Any CPU
		{B2CFA68D-212C-7260-BD6C-9C4A703A25B7}.Release|Any CPU.ActiveCfg = Release|Any CPU
		{B2CFA68D-212C-7260-BD6C-9C4A703A25B7}.Release|Any CPU.Build.0 = Release|Any CPU
		{B4558322-32AA-2EE7-1571-4AD0CDD29880}.Debug|Any CPU.ActiveCfg = Debug|Any CPU
		{B4558322-32AA-2EE7-1571-4AD0CDD29880}.Debug|Any CPU.Build.0 = Debug|Any CPU
		{B4558322-32AA-2EE7-1571-4AD0CDD29880}.Release|Any CPU.ActiveCfg = Release|Any CPU
		{B4558322-32AA-2EE7-1571-4AD0CDD29880}.Release|Any CPU.Build.0 = Release|Any CPU
		{A9F8CEA7-15CC-849D-44AA-3B7A6D1EB89A}.Debug|Any CPU.ActiveCfg = Debug|Any CPU
		{A9F8CEA7-15CC-849D-44AA-3B7A6D1EB89A}.Debug|Any CPU.Build.0 = Debug|Any CPU
		{A9F8CEA7-15CC-849D-44AA-3B7A6D1EB89A}.Release|Any CPU.ActiveCfg = Release|Any CPU
		{A9F8CEA7-15CC-849D-44AA-3B7A6D1EB89A}.Release|Any CPU.Build.0 = Release|Any CPU
	EndGlobalSection
	GlobalSection(SolutionProperties) = preSolution
		HideSolutionNode = FALSE
	EndGlobalSection
	GlobalSection(MonoDevelopProperties) = preSolution
		StartupItem = Assembly-CSharp.csproj
	EndGlobalSection
EndGlobal
